# THIS IS AN AUTOGENERATED FILE. DO NOT EDIT THIS FILE DIRECTLY.
# yarn lockfile v1


graceful-fs@^4.1.3:
  version "4.1.15"
  resolved "https://registry.yarnpkg.com/graceful-fs/-/graceful-fs-4.1.15.tgz#ffb703e1066e8a0eeaa4c8b80ba9253eeefbfb00"
  integrity sha512-6uHUhOPEBgQ24HM+r6b/QwWfZq+yiFcipKFrOFiBEnWdy5sdzYoi+pJeQaPI5qOLRFqWmAXUPQNsielzdLoecA==

is-promise@^2.1.0:
  version "2.1.0"
  resolved "https://registry.yarnpkg.com/is-promise/-/is-promise-2.1.0.tgz#79a2a9ece7f096e80f36d2b2f3bc16c1ff4bf3fa"
  integrity sha1-eaKp7OfwlugPNtKy87wWwf9L8/o=

lodash@4:
  version "4.17.11"
  resolved "https://registry.yarnpkg.com/lodash/-/lodash-4.17.11.tgz#b39ea6229ef607ecd89e2c8df12536891cac9b8d"
  integrity sha512-cQKh8igo5QUhZ7lg38DYWAxMvjSAKG0A8wGSVimP07SIUEK2UO+arSRKbRZWtelMtN5V0Hkwh5ryOto/SshYIg==

lowdb@^1.0.0:
  version "1.0.0"
  resolved "https://registry.yarnpkg.com/lowdb/-/lowdb-1.0.0.tgz#5243be6b22786ccce30e50c9a33eac36b20c8064"
  integrity sha512-2+x8esE/Wb9SQ1F9IHaYWfsC9FIecLOPrK4g17FGEayjUWH172H6nwicRovGvSE2CPZouc2MCIqCI7h9d+GftQ==
  dependencies:
    graceful-fs "^4.1.3"
    is-promise "^2.1.0"
    lodash "4"
    pify "^3.0.0"
    steno "^0.4.1"

pify@^3.0.0:
  version "3.0.0"
  resolved "https://registry.yarnpkg.com/pify/-/pify-3.0.0.tgz#e5a4acd2c101fdf3d9a4d07f0dbc4db49dd28176"
  integrity sha1-5aSs0sEB/fPZpNB/DbxNtJ3SgXY=

steno@^0.4.1:
  version "0.4.4"
  resolved "https://registry.yarnpkg.com/steno/-/steno-0.4.4.tgz#071105bdfc286e6615c0403c27e9d7b5dcb855cb"
  integrity sha1-BxEFvfwobmYVwEA8J+nXtdy4Vcs=
  dependencies:
    graceful-fs "^4.1.3"
